
Microsoft Visual Studio Solution File, Format Version 12.00
# Visual Studio 15
VisualStudioVersion = 15.0.27004.2005
MinimumVisualStudioVersion = 10.0.40219.1
Project("{FAE04EC0-301F-11D3-BF4B-00C04F79EFBC}") = "ateş et!", "ateş et!\ateş et!.csproj", "{4D2521C8-4BB8-452A-96DE-FDA6D23542C3}"
EndProject
Global
	GlobalSection(SolutionConfigurationPlatforms) = preSolution
		Debug|Any CPU = Debug|Any CPU
		Release|Any CPU = Release|Any CPU
	EndGlobalSection
	GlobalSection(ProjectConfigurationPlatforms) = postSolution
		{4D2521C8-4BB8-452A-96DE-FDA6D23542C3}.Debug|Any CPU.ActiveCfg = Debug|Any CPU
		{4D2521C8-4BB8-452A-96DE-FDA6D23542C3}.Debug|Any CPU.Build.0 = Debug|Any CPU
		{4D2521C8-4BB8-452A-96DE-FDA6D23542C3}.Release|Any CPU.ActiveCfg = Release|Any CPU
		{4D2521C8-4BB8-452A-96DE-FDA6D23542C3}.Release|Any CPU.Build.0 = Release|Any CPU
	EndGlobalSection
	GlobalSection(SolutionProperties) = preSolution
		HideSolutionNode = FALSE
	EndGlobalSection
	GlobalSection(ExtensibilityGlobals) = postSolution
		SolutionGuid = {CB3A64A4-BF86-4C8F-A227-2297F1F0997A}
	EndGlobalSection
EndGlobal
